Microsoft Visual Studio Solution File, Format Version 12.00
# 
Project("{FAE04EC0-301F-11D3-BF4B-00C04F79EFBC}") = "Dgmjr.Enumerations.CodeGenerator.Samples", "Samples\Dgmjr.Enumerations.CodeGenerator.Samples.csproj", "{473106BD-F30C-46C7-B1C6-EADD5678DEBA}"
EndProject
Project("{FAE04EC0-301F-11D3-BF4B-00C04F79EFBC}") = "Dgmjr.Enumerations.CodeGenerator", "src\Dgmjr.Enumerations.CodeGenerator.csproj", "{109A0107-D5B7-4626-B2A0-D85B657A6562}"
EndProject
Global
	GlobalSection(SolutionConfigurationPlatforms) = preSolution
		Local|Any CPU = Local|Any CPU
		Debug|Any CPU = Debug|Any CPU
		Testing|Any CPU = Testing|Any CPU
		Staging|Any CPU = Staging|Any CPU
		Production|Any CPU = Production|Any CPU
		Release|Any CPU = Release|Any CPU
	EndGlobalSection
	GlobalSection(ProjectConfigurationPlatforms) = postSolution
		{473106BD-F30C-46C7-B1C6-EADD5678DEBA}.Local|Any CPU.ActiveCfg = Local|Any CPU
		{473106BD-F30C-46C7-B1C6-EADD5678DEBA}.Local|Any CPU.Build.0 = Local|Any CPU
		{473106BD-F30C-46C7-B1C6-EADD5678DEBA}.Debug|Any CPU.ActiveCfg = Debug|Any CPU
		{473106BD-F30C-46C7-B1C6-EADD5678DEBA}.Debug|Any CPU.Build.0 = Debug|Any CPU
		{473106BD-F30C-46C7-B1C6-EADD5678DEBA}.Testing|Any CPU.ActiveCfg = Testing|Any CPU
		{473106BD-F30C-46C7-B1C6-EADD5678DEBA}.Testing|Any CPU.Build.0 = Testing|Any CPU
		{473106BD-F30C-46C7-B1C6-EADD5678DEBA}.Staging|Any CPU.ActiveCfg = Staging|Any CPU
		{473106BD-F30C-46C7-B1C6-EADD5678DEBA}.Staging|Any CPU.Build.0 = Staging|Any CPU
		{473106BD-F30C-46C7-B1C6-EADD5678DEBA}.Production|Any CPU.ActiveCfg = Local|Any CPU
		{473106BD-F30C-46C7-B1C6-EADD5678DEBA}.Production|Any CPU.Build.0 = Local|Any CPU
		{473106BD-F30C-46C7-B1C6-EADD5678DEBA}.Release|Any CPU.ActiveCfg = Release|Any CPU
		{473106BD-F30C-46C7-B1C6-EADD5678DEBA}.Release|Any CPU.Build.0 = Release|Any CPU
		{109A0107-D5B7-4626-B2A0-D85B657A6562}.Local|Any CPU.ActiveCfg = Local|Any CPU
		{109A0107-D5B7-4626-B2A0-D85B657A6562}.Local|Any CPU.Build.0 = Local|Any CPU
		{109A0107-D5B7-4626-B2A0-D85B657A6562}.Debug|Any CPU.ActiveCfg = Debug|Any CPU
		{109A0107-D5B7-4626-B2A0-D85B657A6562}.Debug|Any CPU.Build.0 = Debug|Any CPU
		{109A0107-D5B7-4626-B2A0-D85B657A6562}.Testing|Any CPU.ActiveCfg = Testing|Any CPU
		{109A0107-D5B7-4626-B2A0-D85B657A6562}.Testing|Any CPU.Build.0 = Testing|Any CPU
		{109A0107-D5B7-4626-B2A0-D85B657A6562}.Staging|Any CPU.ActiveCfg = Staging|Any CPU
		{109A0107-D5B7-4626-B2A0-D85B657A6562}.Staging|Any CPU.Build.0 = Staging|Any CPU
		{109A0107-D5B7-4626-B2A0-D85B657A6562}.Production|Any CPU.ActiveCfg = Local|Any CPU
		{109A0107-D5B7-4626-B2A0-D85B657A6562}.Production|Any CPU.Build.0 = Local|Any CPU
		{109A0107-D5B7-4626-B2A0-D85B657A6562}.Release|Any CPU.ActiveCfg = Release|Any CPU
		{109A0107-D5B7-4626-B2A0-D85B657A6562}.Release|Any CPU.Build.0 = Release|Any CPU
	EndGlobalSection
	GlobalSection(SolutionProperties) = preSolution
		HideSolutionNode = FALSE
	EndGlobalSection
	GlobalSection(ExtensibilityGlobals) = postSolution
		SolutionGuid = {6C14C375-C5EA-4095-9B68-14F0956E2A46}
	EndGlobalSection
EndGlobal
