Microsoft Visual Studio Solution File, Format Version 12.00
# 
Project("{2150E333-8FDC-42A3-9474-1A3956D46DE8}") = "Solution Items", "Solution Items", "{B283EBC2-E01F-412D-9339-FD56EF114549}"
	ProjectSection(SolutionItems) = preProject
		..\..\..\..\Directory.Build.props = ..\..\..\..\Directory.Build.props
		..\..\..\..\Directory.Build.targets = ..\..\..\..\Directory.Build.targets
		..\..\..\..\global.json = ..\..\..\..\global.json
		..\..\..\..\Packages\Versions.Local.props = ..\..\..\..\Packages\Versions.Local.props
	EndProjectSection
EndProject
Project("{FAE04EC0-301F-11D3-BF4B-00C04F79EFBC}") = "Dgmjr.Enumerations.CodeGenerator", "src\Dgmjr.Enumerations.CodeGenerator.csproj", "{E056B4E7-1F90-48C1-A928-1809747D4DF2}"
EndProject
Project("{FAE04EC0-301F-11D3-BF4B-00C04F79EFBC}") = "Dgmjr.Enumerations.CodeGenerator.Samples", "Samples\Dgmjr.Enumerations.CodeGenerator.Samples.csproj", "{D69C8B41-2874-411C-B92B-F76707D209E8}"
EndProject
Project("{FAE04EC0-301F-11D3-BF4B-00C04F79EFBC}") = "Dgmjr.Enumerations.CodeGenerator.Tests", "Tests\Dgmjr.Enumerations.CodeGenerator.Tests.csproj", "{4A210468-9216-45DD-99F4-416EED51342C}"
EndProject
Global
	GlobalSection(SolutionConfigurationPlatforms) = preSolution
		Local|Any CPU = Local|Any CPU
		Debug|Any CPU = Debug|Any CPU
		Testing|Any CPU = Testing|Any CPU
		Staging|Any CPU = Staging|Any CPU
		Production|Any CPU = Production|Any CPU
		Release|Any CPU = Release|Any CPU
	EndGlobalSection
	GlobalSection(ProjectConfigurationPlatforms) = postSolution
		{E056B4E7-1F90-48C1-A928-1809747D4DF2}.Local|Any CPU.ActiveCfg = Local|Any CPU
		{E056B4E7-1F90-48C1-A928-1809747D4DF2}.Local|Any CPU.Build.0 = Local|Any CPU
		{E056B4E7-1F90-48C1-A928-1809747D4DF2}.Debug|Any CPU.ActiveCfg = Debug|Any CPU
		{E056B4E7-1F90-48C1-A928-1809747D4DF2}.Debug|Any CPU.Build.0 = Debug|Any CPU
		{E056B4E7-1F90-48C1-A928-1809747D4DF2}.Testing|Any CPU.ActiveCfg = Testing|Any CPU
		{E056B4E7-1F90-48C1-A928-1809747D4DF2}.Testing|Any CPU.Build.0 = Testing|Any CPU
		{E056B4E7-1F90-48C1-A928-1809747D4DF2}.Staging|Any CPU.ActiveCfg = Staging|Any CPU
		{E056B4E7-1F90-48C1-A928-1809747D4DF2}.Staging|Any CPU.Build.0 = Staging|Any CPU
		{E056B4E7-1F90-48C1-A928-1809747D4DF2}.Production|Any CPU.ActiveCfg = Local|Any CPU
		{E056B4E7-1F90-48C1-A928-1809747D4DF2}.Production|Any CPU.Build.0 = Local|Any CPU
		{E056B4E7-1F90-48C1-A928-1809747D4DF2}.Release|Any CPU.ActiveCfg = Release|Any CPU
		{E056B4E7-1F90-48C1-A928-1809747D4DF2}.Release|Any CPU.Build.0 = Release|Any CPU
		{D69C8B41-2874-411C-B92B-F76707D209E8}.Local|Any CPU.ActiveCfg = Local|Any CPU
		{D69C8B41-2874-411C-B92B-F76707D209E8}.Local|Any CPU.Build.0 = Local|Any CPU
		{D69C8B41-2874-411C-B92B-F76707D209E8}.Debug|Any CPU.ActiveCfg = Debug|Any CPU
		{D69C8B41-2874-411C-B92B-F76707D209E8}.Debug|Any CPU.Build.0 = Debug|Any CPU
		{D69C8B41-2874-411C-B92B-F76707D209E8}.Testing|Any CPU.ActiveCfg = Testing|Any CPU
		{D69C8B41-2874-411C-B92B-F76707D209E8}.Testing|Any CPU.Build.0 = Testing|Any CPU
		{D69C8B41-2874-411C-B92B-F76707D209E8}.Staging|Any CPU.ActiveCfg = Staging|Any CPU
		{D69C8B41-2874-411C-B92B-F76707D209E8}.Staging|Any CPU.Build.0 = Staging|Any CPU
		{D69C8B41-2874-411C-B92B-F76707D209E8}.Production|Any CPU.ActiveCfg = Local|Any CPU
		{D69C8B41-2874-411C-B92B-F76707D209E8}.Production|Any CPU.Build.0 = Local|Any CPU
		{D69C8B41-2874-411C-B92B-F76707D209E8}.Release|Any CPU.ActiveCfg = Release|Any CPU
		{D69C8B41-2874-411C-B92B-F76707D209E8}.Release|Any CPU.Build.0 = Release|Any CPU
		{4A210468-9216-45DD-99F4-416EED51342C}.Local|Any CPU.ActiveCfg = Local|Any CPU
		{4A210468-9216-45DD-99F4-416EED51342C}.Local|Any CPU.Build.0 = Local|Any CPU
		{4A210468-9216-45DD-99F4-416EED51342C}.Debug|Any CPU.ActiveCfg = Debug|Any CPU
		{4A210468-9216-45DD-99F4-416EED51342C}.Debug|Any CPU.Build.0 = Debug|Any CPU
		{4A210468-9216-45DD-99F4-416EED51342C}.Testing|Any CPU.ActiveCfg = Testing|Any CPU
		{4A210468-9216-45DD-99F4-416EED51342C}.Testing|Any CPU.Build.0 = Testing|Any CPU
		{4A210468-9216-45DD-99F4-416EED51342C}.Staging|Any CPU.ActiveCfg = Staging|Any CPU
		{4A210468-9216-45DD-99F4-416EED51342C}.Staging|Any CPU.Build.0 = Staging|Any CPU
		{4A210468-9216-45DD-99F4-416EED51342C}.Production|Any CPU.ActiveCfg = Local|Any CPU
		{4A210468-9216-45DD-99F4-416EED51342C}.Production|Any CPU.Build.0 = Local|Any CPU
		{4A210468-9216-45DD-99F4-416EED51342C}.Release|Any CPU.ActiveCfg = Release|Any CPU
		{4A210468-9216-45DD-99F4-416EED51342C}.Release|Any CPU.Build.0 = Release|Any CPU
	EndGlobalSection
	GlobalSection(SolutionProperties) = preSolution
		HideSolutionNode = FALSE
	EndGlobalSection
	GlobalSection(ExtensibilityGlobals) = postSolution
		SolutionGuid = {9DFAE817-CEDE-4FE1-8E16-CFDA069A2E69}
	EndGlobalSection
EndGlobal
