Microsoft Visual Studio Solution File, Format Version 12.00
# Visual Studio Version 16
Project("{FAE04EC0-301F-11D3-BF4B-00C04F79EFBC}") = "Dgmjr.Enumerations.CodeGeneration.Samples", "Dgmjr.Enumerations.CodeGeneration.Samples.csproj", "{867D6614-DB71-4BF3-9A6B-2306E166F9D7}"
EndProject
Global
	GlobalSection(SolutionConfigurationPlatforms) = preSolution
		Local|Any CPU = Local|Any CPU
		Debug|Any CPU = Debug|Any CPU
		Staging|Any CPU = Staging|Any CPU
		Release|Any CPU = Release|Any CPU
		Testing|Any CPU = Testing|Any CPU
	EndGlobalSection
	GlobalSection(ProjectConfigurationPlatforms) = postSolution
		{867D6614-DB71-4BF3-9A6B-2306E166F9D7}.Local|Any CPU.ActiveCfg = Local|Any CPU
		{867D6614-DB71-4BF3-9A6B-2306E166F9D7}.Local|Any CPU.Build.0 = Local|Any CPU
		{867D6614-DB71-4BF3-9A6B-2306E166F9D7}.Debug|Any CPU.ActiveCfg = Debug|Any CPU
		{867D6614-DB71-4BF3-9A6B-2306E166F9D7}.Debug|Any CPU.Build.0 = Debug|Any CPU
		{867D6614-DB71-4BF3-9A6B-2306E166F9D7}.Staging|Any CPU.ActiveCfg = Staging|Any CPU
		{867D6614-DB71-4BF3-9A6B-2306E166F9D7}.Staging|Any CPU.Build.0 = Staging|Any CPU
		{867D6614-DB71-4BF3-9A6B-2306E166F9D7}.Release|Any CPU.ActiveCfg = Release|Any CPU
		{867D6614-DB71-4BF3-9A6B-2306E166F9D7}.Release|Any CPU.Build.0 = Release|Any CPU
		{867D6614-DB71-4BF3-9A6B-2306E166F9D7}.Testing|Any CPU.ActiveCfg = Testing|Any CPU
		{867D6614-DB71-4BF3-9A6B-2306E166F9D7}.Testing|Any CPU.Build.0 = Testing|Any CPU
	EndGlobalSection
	GlobalSection(SolutionProperties) = preSolution
		HideSolutionNode = FALSE
	EndGlobalSection
	GlobalSection(ExtensibilityGlobals) = postSolution
		SolutionGuid = {3A6B96B5-DE30-476C-B8E9-CB6CBFD2C0EC}
	EndGlobalSection
EndGlobal
